
Microsoft Visual Studio Solution File, Format Version 12.00
# Visual Studio Version 17
VisualStudioVersion = 17.4.33122.133
MinimumVisualStudioVersion = 10.0.40219.1
Project("{F184B08F-C81C-45F6-A57F-5ABD9991F28F}") = "vbpMod10_DataTypes", "vbpMod10_DataTypes.vbproj", "{00CFD38F-A011-4B3E-91AB-64F91BF7CFB6}"
EndProject
Global
	GlobalSection(SolutionConfigurationPlatforms) = preSolution
		Debug|Any CPU = Debug|Any CPU
		Release|Any CPU = Release|Any CPU
	EndGlobalSection
	GlobalSection(ProjectConfigurationPlatforms) = postSolution
		{00CFD38F-A011-4B3E-91AB-64F91BF7CFB6}.Debug|Any CPU.ActiveCfg = Debug|Any CPU
		{00CFD38F-A011-4B3E-91AB-64F91BF7CFB6}.Debug|Any CPU.Build.0 = Debug|Any CPU
		{00CFD38F-A011-4B3E-91AB-64F91BF7CFB6}.Release|Any CPU.ActiveCfg = Release|Any CPU
		{00CFD38F-A011-4B3E-91AB-64F91BF7CFB6}.Release|Any CPU.Build.0 = Release|Any CPU
	EndGlobalSection
	GlobalSection(SolutionProperties) = preSolution
		HideSolutionNode = FALSE
	EndGlobalSection
	GlobalSection(ExtensibilityGlobals) = postSolution
		SolutionGuid = {4017B586-1C90-4771-8390-72571C69112F}
	EndGlobalSection
EndGlobal
